
Microsoft Visual Studio Solution File, Format Version 12.00
# Visual Studio 15
VisualStudioVersion = 15.0.26124.0
MinimumVisualStudioVersion = 15.0.26124.0
Project("{FAE04EC0-301F-11D3-BF4B-00C04F79EFBC}") = "Platform.Api", "Platform.Api\Platform.Api.csproj", "{4B2E4734-2E69-4BD1-876E-A17373ECACCE}"
EndProject
Project("{FAE04EC0-301F-11D3-BF4B-00C04F79EFBC}") = "Platform.Persistency", "Platform.Persistency\Platform.Persistency.csproj", "{30A24AB3-D13F-48EA-A3CF-C7F8D085002C}"
EndProject
Global
	GlobalSection(SolutionConfigurationPlatforms) = preSolution
		Debug|Any CPU = Debug|Any CPU
		Debug|x64 = Debug|x64
		Debug|x86 = Debug|x86
		Release|Any CPU = Release|Any CPU
		Release|x64 = Release|x64
		Release|x86 = Release|x86
	EndGlobalSection
	GlobalSection(SolutionProperties) = preSolution
		HideSolutionNode = FALSE
	EndGlobalSection
	GlobalSection(ProjectConfigurationPlatforms) = postSolution
		{4B2E4734-2E69-4BD1-876E-A17373ECACCE}.Debug|Any CPU.ActiveCfg = Debug|Any CPU
		{4B2E4734-2E69-4BD1-876E-A17373ECACCE}.Debug|Any CPU.Build.0 = Debug|Any CPU
		{4B2E4734-2E69-4BD1-876E-A17373ECACCE}.Debug|x64.ActiveCfg = Debug|Any CPU
		{4B2E4734-2E69-4BD1-876E-A17373ECACCE}.Debug|x64.Build.0 = Debug|Any CPU
		{4B2E4734-2E69-4BD1-876E-A17373ECACCE}.Debug|x86.ActiveCfg = Debug|Any CPU
		{4B2E4734-2E69-4BD1-876E-A17373ECACCE}.Debug|x86.Build.0 = Debug|Any CPU
		{4B2E4734-2E69-4BD1-876E-A17373ECACCE}.Release|Any CPU.ActiveCfg = Release|Any CPU
		{4B2E4734-2E69-4BD1-876E-A17373ECACCE}.Release|Any CPU.Build.0 = Release|Any CPU
		{4B2E4734-2E69-4BD1-876E-A17373ECACCE}.Release|x64.ActiveCfg = Release|Any CPU
		{4B2E4734-2E69-4BD1-876E-A17373ECACCE}.Release|x64.Build.0 = Release|Any CPU
		{4B2E4734-2E69-4BD1-876E-A17373ECACCE}.Release|x86.ActiveCfg = Release|Any CPU
		{4B2E4734-2E69-4BD1-876E-A17373ECACCE}.Release|x86.Build.0 = Release|Any CPU
		{30A24AB3-D13F-48EA-A3CF-C7F8D085002C}.Debug|Any CPU.ActiveCfg = Debug|Any CPU
		{30A24AB3-D13F-48EA-A3CF-C7F8D085002C}.Debug|Any CPU.Build.0 = Debug|Any CPU
		{30A24AB3-D13F-48EA-A3CF-C7F8D085002C}.Debug|x64.ActiveCfg = Debug|Any CPU
		{30A24AB3-D13F-48EA-A3CF-C7F8D085002C}.Debug|x64.Build.0 = Debug|Any CPU
		{30A24AB3-D13F-48EA-A3CF-C7F8D085002C}.Debug|x86.ActiveCfg = Debug|Any CPU
		{30A24AB3-D13F-48EA-A3CF-C7F8D085002C}.Debug|x86.Build.0 = Debug|Any CPU
		{30A24AB3-D13F-48EA-A3CF-C7F8D085002C}.Release|Any CPU.ActiveCfg = Release|Any CPU
		{30A24AB3-D13F-48EA-A3CF-C7F8D085002C}.Release|Any CPU.Build.0 = Release|Any CPU
		{30A24AB3-D13F-48EA-A3CF-C7F8D085002C}.Release|x64.ActiveCfg = Release|Any CPU
		{30A24AB3-D13F-48EA-A3CF-C7F8D085002C}.Release|x64.Build.0 = Release|Any CPU
		{30A24AB3-D13F-48EA-A3CF-C7F8D085002C}.Release|x86.ActiveCfg = Release|Any CPU
		{30A24AB3-D13F-48EA-A3CF-C7F8D085002C}.Release|x86.Build.0 = Release|Any CPU
	EndGlobalSection
EndGlobal
